
Microsoft Visual Studio Solution File, Format Version 12.00
# Visual Studio 15
VisualStudioVersion = 15.0.27130.2026
MinimumVisualStudioVersion = 10.0.40219.1
Project("{FAE04EC0-301F-11D3-BF4B-00C04F79EFBC}") = "School", "School\School.csproj", "{956397A7-E22B-46DF-BDD5-BA28DE1BE3A1}"
EndProject
Project("{FAE04EC0-301F-11D3-BF4B-00C04F79EFBC}") = "MVC5", "MVC5\MVC5.csproj", "{BC984AC6-F65C-4145-A8FA-46E68D9C9F1E}"
EndProject
Project("{FAE04EC0-301F-11D3-BF4B-00C04F79EFBC}") = "MoviesProject", "WebApplication1\MoviesProject.csproj", "{0AC9BE1B-F126-4D4C-910A-BCC287B88715}"
EndProject
Global
	GlobalSection(SolutionConfigurationPlatforms) = preSolution
		Debug|Any CPU = Debug|Any CPU
		Release|Any CPU = Release|Any CPU
	EndGlobalSection
	GlobalSection(ProjectConfigurationPlatforms) = postSolution
		{956397A7-E22B-46DF-BDD5-BA28DE1BE3A1}.Debug|Any CPU.ActiveCfg = Debug|Any CPU
		{956397A7-E22B-46DF-BDD5-BA28DE1BE3A1}.Debug|Any CPU.Build.0 = Debug|Any CPU
		{956397A7-E22B-46DF-BDD5-BA28DE1BE3A1}.Release|Any CPU.ActiveCfg = Release|Any CPU
		{956397A7-E22B-46DF-BDD5-BA28DE1BE3A1}.Release|Any CPU.Build.0 = Release|Any CPU
		{BC984AC6-F65C-4145-A8FA-46E68D9C9F1E}.Debug|Any CPU.ActiveCfg = Debug|Any CPU
		{BC984AC6-F65C-4145-A8FA-46E68D9C9F1E}.Debug|Any CPU.Build.0 = Debug|Any CPU
		{BC984AC6-F65C-4145-A8FA-46E68D9C9F1E}.Release|Any CPU.ActiveCfg = Release|Any CPU
		{BC984AC6-F65C-4145-A8FA-46E68D9C9F1E}.Release|Any CPU.Build.0 = Release|Any CPU
		{0AC9BE1B-F126-4D4C-910A-BCC287B88715}.Debug|Any CPU.ActiveCfg = Debug|Any CPU
		{0AC9BE1B-F126-4D4C-910A-BCC287B88715}.Debug|Any CPU.Build.0 = Debug|Any CPU
		{0AC9BE1B-F126-4D4C-910A-BCC287B88715}.Release|Any CPU.ActiveCfg = Release|Any CPU
		{0AC9BE1B-F126-4D4C-910A-BCC287B88715}.Release|Any CPU.Build.0 = Release|Any CPU
	EndGlobalSection
	GlobalSection(SolutionProperties) = preSolution
		HideSolutionNode = FALSE
	EndGlobalSection
	GlobalSection(ExtensibilityGlobals) = postSolution
		SolutionGuid = {36C1FF4E-9D5D-4684-B92F-1CD16B767A38}
	EndGlobalSection
EndGlobal
